// !$*UTF8*$!
{
	archiveVersion = 1;
	classes = {
	};
	objectVersion = 46;
	objects = {

/* Begin PBXBuildFile section */
		A41A80D31D8943C5005364DA /* ExampleModuleProtocols.swift in Sources */ = {isa = PBXBuildFile; fileRef = A41A80CB1D8943C5005364DA /* ExampleModuleProtocols.swift */; };
		A41A80D41D8943C5005364DA /* ExampleModuleSetup.swift in Sources */ = {isa = PBXBuildFile; fileRef = A41A80CC1D8943C5005364DA /* ExampleModuleSetup.swift */; };
		A41A80D51D8943C5005364DA /* ExampleDataManager.swift in Sources */ = {isa = PBXBuildFile; fileRef = A41A80CD1D8943C5005364DA /* ExampleDataManager.swift */; };
		A41A80D61D8943C5005364DA /* ExampleInteractor.swift in Sources */ = {isa = PBXBuildFile; fileRef = A41A80CE1D8943C5005364DA /* ExampleInteractor.swift */; };
		A41A80D71D8943C5005364DA /* ExampleEventHandler.swift in Sources */ = {isa = PBXBuildFile; fileRef = A41A80CF1D8943C5005364DA /* ExampleEventHandler.swift */; };
		A41A80D81D8943C5005364DA /* ExamplePresenter.swift in Sources */ = {isa = PBXBuildFile; fileRef = A41A80D01D8943C5005364DA /* ExamplePresenter.swift */; };
		A41A80D91D8943C5005364DA /* ExampleViewController.swift in Sources */ = {isa = PBXBuildFile; fileRef = A41A80D11D8943C5005364DA /* ExampleViewController.swift */; };
		A41A80DA1D8943C5005364DA /* ExampleWireframe.swift in Sources */ = {isa = PBXBuildFile; fileRef = A41A80D21D8943C5005364DA /* ExampleWireframe.swift */; };
		A41BEEBE1D8FCE72008B429A /* StartTableViewController.swift in Sources */ = {isa = PBXBuildFile; fileRef = A41BEEBD1D8FCE72008B429A /* StartTableViewController.swift */; };
		A41BEECA1D8FD12B008B429A /* NSFRCEventDataManager.swift in Sources */ = {isa = PBXBuildFile; fileRef = A41BEEC21D8FD12B008B429A /* NSFRCEventDataManager.swift */; };
		A41BEECB1D8FD12B008B429A /* NSFRCEventHandler.swift in Sources */ = {isa = PBXBuildFile; fileRef = A41BEEC31D8FD12B008B429A /* NSFRCEventHandler.swift */; };
		A41BEECC1D8FD12B008B429A /* NSFRCEventInteractor.swift in Sources */ = {isa = PBXBuildFile; fileRef = A41BEEC41D8FD12B008B429A /* NSFRCEventInteractor.swift */; };
		A41BEECD1D8FD12B008B429A /* NSFRCModuleProtocols.swift in Sources */ = {isa = PBXBuildFile; fileRef = A41BEEC51D8FD12B008B429A /* NSFRCModuleProtocols.swift */; };
		A41BEECE1D8FD12B008B429A /* NSFRCModuleSetup.swift in Sources */ = {isa = PBXBuildFile; fileRef = A41BEEC61D8FD12B008B429A /* NSFRCModuleSetup.swift */; };
		A41BEECF1D8FD12B008B429A /* NSFRCPresenter.swift in Sources */ = {isa = PBXBuildFile; fileRef = A41BEEC71D8FD12B008B429A /* NSFRCPresenter.swift */; };
		A41BEED01D8FD12B008B429A /* NSFRCTableViewController.swift in Sources */ = {isa = PBXBuildFile; fileRef = A41BEEC81D8FD12B008B429A /* NSFRCTableViewController.swift */; };
		A41BEED11D8FD12B008B429A /* NSFRCWireframe.swift in Sources */ = {isa = PBXBuildFile; fileRef = A41BEEC91D8FD12B008B429A /* NSFRCWireframe.swift */; };
		A423CB5A1D8942280057B748 /* AppDelegate.swift in Sources */ = {isa = PBXBuildFile; fileRef = A423CB591D8942280057B748 /* AppDelegate.swift */; };
		A423CB5F1D8942280057B748 /* Main.storyboard in Resources */ = {isa = PBXBuildFile; fileRef = A423CB5D1D8942280057B748 /* Main.storyboard */; };
		A423CB611D8942280057B748 /* Assets.xcassets in Resources */ = {isa = PBXBuildFile; fileRef = A423CB601D8942280057B748 /* Assets.xcassets */; };
		A423CB641D8942280057B748 /* LaunchScreen.storyboard in Resources */ = {isa = PBXBuildFile; fileRef = A423CB621D8942280057B748 /* LaunchScreen.storyboard */; };
		A4B5EE771D8FF1950011978D /* CoreDataStack.swift in Sources */ = {isa = PBXBuildFile; fileRef = A4B5EE761D8FF1950011978D /* CoreDataStack.swift */; };
		A4B5EE811D9002EE0011978D /* Database.xcdatamodeld in Sources */ = {isa = PBXBuildFile; fileRef = A4B5EE7F1D9002EE0011978D /* Database.xcdatamodeld */; };
		A4B5EE8A1D9006000011978D /* PersonInfo.swift in Sources */ = {isa = PBXBuildFile; fileRef = A4B5EE891D9006000011978D /* PersonInfo.swift */; };
		A4B5EE8D1D90063A0011978D /* PersonEntity+CoreDataClass.swift in Sources */ = {isa = PBXBuildFile; fileRef = A4B5EE8B1D90063A0011978D /* PersonEntity+CoreDataClass.swift */; };
		A4B5EE8E1D90063A0011978D /* PersonEntity+CoreDataProperties.swift in Sources */ = {isa = PBXBuildFile; fileRef = A4B5EE8C1D90063A0011978D /* PersonEntity+CoreDataProperties.swift */; };
		A4B5EE901D9010180011978D /* PersonEntity+CoreDataSortDescriptors.swift in Sources */ = {isa = PBXBuildFile; fileRef = A4B5EE8F1D9010180011978D /* PersonEntity+CoreDataSortDescriptors.swift */; };
		A4B5EE941D9017080011978D /* Array+Random.swift in Sources */ = {isa = PBXBuildFile; fileRef = A4B5EE931D9017080011978D /* Array+Random.swift */; };
/* End PBXBuildFile section */

/* Begin PBXContainerItemProxy section */
		A4DC90A01D916695002DEE6A /* PBXContainerItemProxy */ = {
			isa = PBXContainerItemProxy;
			containerPortal = A4DC909C1D916695002DEE6A /* VIPERModules.xcodeproj */;
			proxyType = 2;
			remoteGlobalIDString = A4B5EECA1D9164660011978D;
			remoteInfo = VIPERModules;
		};
/* End PBXContainerItemProxy section */

/* Begin PBXFileReference section */
		A41A80CB1D8943C5005364DA /* ExampleModuleProtocols.swift */ = {isa = PBXFileReference; fileEncoding = 4; lastKnownFileType = sourcecode.swift; path = ExampleModuleProtocols.swift; sourceTree = "<group>"; };
		A41A80CC1D8943C5005364DA /* ExampleModuleSetup.swift */ = {isa = PBXFileReference; fileEncoding = 4; lastKnownFileType = sourcecode.swift; path = ExampleModuleSetup.swift; sourceTree = "<group>"; };
		A41A80CD1D8943C5005364DA /* ExampleDataManager.swift */ = {isa = PBXFileReference; fileEncoding = 4; lastKnownFileType = sourcecode.swift; path = ExampleDataManager.swift; sourceTree = "<group>"; };
		A41A80CE1D8943C5005364DA /* ExampleInteractor.swift */ = {isa = PBXFileReference; fileEncoding = 4; lastKnownFileType = sourcecode.swift; path = ExampleInteractor.swift; sourceTree = "<group>"; };
		A41A80CF1D8943C5005364DA /* ExampleEventHandler.swift */ = {isa = PBXFileReference; fileEncoding = 4; lastKnownFileType = sourcecode.swift; path = ExampleEventHandler.swift; sourceTree = "<group>"; };
		A41A80D01D8943C5005364DA /* ExamplePresenter.swift */ = {isa = PBXFileReference; fileEncoding = 4; lastKnownFileType = sourcecode.swift; path = ExamplePresenter.swift; sourceTree = "<group>"; };
		A41A80D11D8943C5005364DA /* ExampleViewController.swift */ = {isa = PBXFileReference; fileEncoding = 4; lastKnownFileType = sourcecode.swift; path = ExampleViewController.swift; sourceTree = "<group>"; };
		A41A80D21D8943C5005364DA /* ExampleWireframe.swift */ = {isa = PBXFileReference; fileEncoding = 4; lastKnownFileType = sourcecode.swift; path = ExampleWireframe.swift; sourceTree = "<group>"; };
		A41BEEBD1D8FCE72008B429A /* StartTableViewController.swift */ = {isa = PBXFileReference; fileEncoding = 4; lastKnownFileType = sourcecode.swift; path = StartTableViewController.swift; sourceTree = "<group>"; };
		A41BEEC21D8FD12B008B429A /* NSFRCEventDataManager.swift */ = {isa = PBXFileReference; fileEncoding = 4; lastKnownFileType = sourcecode.swift; path = NSFRCEventDataManager.swift; sourceTree = "<group>"; };
		A41BEEC31D8FD12B008B429A /* NSFRCEventHandler.swift */ = {isa = PBXFileReference; fileEncoding = 4; lastKnownFileType = sourcecode.swift; path = NSFRCEventHandler.swift; sourceTree = "<group>"; };
		A41BEEC41D8FD12B008B429A /* NSFRCEventInteractor.swift */ = {isa = PBXFileReference; fileEncoding = 4; lastKnownFileType = sourcecode.swift; path = NSFRCEventInteractor.swift; sourceTree = "<group>"; };
		A41BEEC51D8FD12B008B429A /* NSFRCModuleProtocols.swift */ = {isa = PBXFileReference; fileEncoding = 4; lastKnownFileType = sourcecode.swift; path = NSFRCModuleProtocols.swift; sourceTree = "<group>"; };
		A41BEEC61D8FD12B008B429A /* NSFRCModuleSetup.swift */ = {isa = PBXFileReference; fileEncoding = 4; lastKnownFileType = sourcecode.swift; path = NSFRCModuleSetup.swift; sourceTree = "<group>"; };
		A41BEEC71D8FD12B008B429A /* NSFRCPresenter.swift */ = {isa = PBXFileReference; fileEncoding = 4; lastKnownFileType = sourcecode.swift; path = NSFRCPresenter.swift; sourceTree = "<group>"; };
		A41BEEC81D8FD12B008B429A /* NSFRCTableViewController.swift */ = {isa = PBXFileReference; fileEncoding = 4; lastKnownFileType = sourcecode.swift; path = NSFRCTableViewController.swift; sourceTree = "<group>"; };
		A41BEEC91D8FD12B008B429A /* NSFRCWireframe.swift */ = {isa = PBXFileReference; fileEncoding = 4; lastKnownFileType = sourcecode.swift; path = NSFRCWireframe.swift; sourceTree = "<group>"; };
		A423CB561D8942280057B748 /* iOS-Example.app */ = {isa = PBXFileReference; explicitFileType = wrapper.application; includeInIndex = 0; path = "iOS-Example.app"; sourceTree = BUILT_PRODUCTS_DIR; };
		A423CB591D8942280057B748 /* AppDelegate.swift */ = {isa = PBXFileReference; lastKnownFileType = sourcecode.swift; path = AppDelegate.swift; sourceTree = "<group>"; };
		A423CB5E1D8942280057B748 /* Base */ = {isa = PBXFileReference; lastKnownFileType = file.storyboard; name = Base; path = Base.lproj/Main.storyboard; sourceTree = "<group>"; };
		A423CB601D8942280057B748 /* Assets.xcassets */ = {isa = PBXFileReference; lastKnownFileType = folder.assetcatalog; path = Assets.xcassets; sourceTree = "<group>"; };
		A423CB631D8942280057B748 /* Base */ = {isa = PBXFileReference; lastKnownFileType = file.storyboard; name = Base; path = Base.lproj/LaunchScreen.storyboard; sourceTree = "<group>"; };
		A423CB651D8942280057B748 /* Info.plist */ = {isa = PBXFileReference; lastKnownFileType = text.plist.xml; path = Info.plist; sourceTree = "<group>"; };
		A4B5EE761D8FF1950011978D /* CoreDataStack.swift */ = {isa = PBXFileReference; fileEncoding = 4; lastKnownFileType = sourcecode.swift; path = CoreDataStack.swift; sourceTree = "<group>"; };
		A4B5EE801D9002EE0011978D /* Database.xcdatamodel */ = {isa = PBXFileReference; lastKnownFileType = wrapper.xcdatamodel; path = Database.xcdatamodel; sourceTree = "<group>"; };
		A4B5EE891D9006000011978D /* PersonInfo.swift */ = {isa = PBXFileReference; fileEncoding = 4; lastKnownFileType = sourcecode.swift; path = PersonInfo.swift; sourceTree = "<group>"; };
		A4B5EE8B1D90063A0011978D /* PersonEntity+CoreDataClass.swift */ = {isa = PBXFileReference; fileEncoding = 4; lastKnownFileType = sourcecode.swift; path = "PersonEntity+CoreDataClass.swift"; sourceTree = "<group>"; };
		A4B5EE8C1D90063A0011978D /* PersonEntity+CoreDataProperties.swift */ = {isa = PBXFileReference; fileEncoding = 4; lastKnownFileType = sourcecode.swift; path = "PersonEntity+CoreDataProperties.swift"; sourceTree = "<group>"; };
		A4B5EE8F1D9010180011978D /* PersonEntity+CoreDataSortDescriptors.swift */ = {isa = PBXFileReference; fileEncoding = 4; lastKnownFileType = sourcecode.swift; path = "PersonEntity+CoreDataSortDescriptors.swift"; sourceTree = "<group>"; };
		A4B5EE931D9017080011978D /* Array+Random.swift */ = {isa = PBXFileReference; fileEncoding = 4; lastKnownFileType = sourcecode.swift; path = "Array+Random.swift"; sourceTree = "<group>"; };
		A4DC909C1D916695002DEE6A /* VIPERModules.xcodeproj */ = {isa = PBXFileReference; lastKnownFileType = "wrapper.pb-project"; path = VIPERModules.xcodeproj; sourceTree = SOURCE_ROOT; };
/* End PBXFileReference section */

/* Begin PBXFrameworksBuildPhase section */
		A423CB531D8942280057B748 /* Frameworks */ = {
			isa = PBXFrameworksBuildPhase;
			buildActionMask = 2147483647;
			files = (
			);
			runOnlyForDeploymentPostprocessing = 0;
		};
/* End PBXFrameworksBuildPhase section */

/* Begin PBXGroup section */
		A41A80C61D894391005364DA /* Simple module */ = {
			isa = PBXGroup;
			children = (
				A41A80CB1D8943C5005364DA /* ExampleModuleProtocols.swift */,
				A41A80CC1D8943C5005364DA /* ExampleModuleSetup.swift */,
				A41A80CD1D8943C5005364DA /* ExampleDataManager.swift */,
				A41A80CE1D8943C5005364DA /* ExampleInteractor.swift */,
				A41A80CF1D8943C5005364DA /* ExampleEventHandler.swift */,
				A41A80D01D8943C5005364DA /* ExamplePresenter.swift */,
				A41A80D11D8943C5005364DA /* ExampleViewController.swift */,
				A41A80D21D8943C5005364DA /* ExampleWireframe.swift */,
			);
			name = "Simple module";
			sourceTree = "<group>";
		};
		A41BEEC11D8FD0F2008B429A /* Module with NSFetchResultController */ = {
			isa = PBXGroup;
			children = (
				A41BEEC51D8FD12B008B429A /* NSFRCModuleProtocols.swift */,
				A41BEEC61D8FD12B008B429A /* NSFRCModuleSetup.swift */,
				A41BEEC21D8FD12B008B429A /* NSFRCEventDataManager.swift */,
				A41BEEC41D8FD12B008B429A /* NSFRCEventInteractor.swift */,
				A41BEEC31D8FD12B008B429A /* NSFRCEventHandler.swift */,
				A41BEEC71D8FD12B008B429A /* NSFRCPresenter.swift */,
				A41BEEC81D8FD12B008B429A /* NSFRCTableViewController.swift */,
				A41BEEC91D8FD12B008B429A /* NSFRCWireframe.swift */,
			);
			name = "Module with NSFetchResultController";
			sourceTree = "<group>";
		};
		A423CB4D1D8942280057B748 = {
			isa = PBXGroup;
			children = (
				A423CB581D8942280057B748 /* iOS-Example */,
				A423CB571D8942280057B748 /* Products */,
			);
			sourceTree = "<group>";
		};
		A423CB571D8942280057B748 /* Products */ = {
			isa = PBXGroup;
			children = (
				A423CB561D8942280057B748 /* iOS-Example.app */,
			);
			name = Products;
			sourceTree = "<group>";
		};
		A423CB581D8942280057B748 /* iOS-Example */ = {
			isa = PBXGroup;
			children = (
				A4DC909C1D916695002DEE6A /* VIPERModules.xcodeproj */,
				A423CB651D8942280057B748 /* Info.plist */,
				A423CB591D8942280057B748 /* AppDelegate.swift */,
				A41BEEBD1D8FCE72008B429A /* StartTableViewController.swift */,
				A423CB601D8942280057B748 /* Assets.xcassets */,
				A423CB5D1D8942280057B748 /* Main.storyboard */,
				A423CB621D8942280057B748 /* LaunchScreen.storyboard */,
				A423CB6B1D8942AC0057B748 /* Modules */,
				A4B5EDD11D8FEE3D0011978D /* Common */,
			);
			path = "iOS-Example";
			sourceTree = "<group>";
		};
		A423CB6B1D8942AC0057B748 /* Modules */ = {
			isa = PBXGroup;
			children = (
				A41A80C61D894391005364DA /* Simple module */,
				A41BEEC11D8FD0F2008B429A /* Module with NSFetchResultController */,
			);
			name = Modules;
			sourceTree = "<group>";
		};
		A4B5EDD11D8FEE3D0011978D /* Common */ = {
			isa = PBXGroup;
			children = (
				A4B5EE911D9016FA0011978D /* Extensions */,
				A4B5EE881D9005EA0011978D /* Modules internal models */,
				A4B5EE821D9003280011978D /* CoreData */,
			);
			name = Common;
			sourceTree = "<group>";
		};
		A4B5EE821D9003280011978D /* CoreData */ = {
			isa = PBXGroup;
			children = (
				A4B5EE871D90033E0011978D /* Entities */,
				A4B5EE761D8FF1950011978D /* CoreDataStack.swift */,
				A4B5EE7F1D9002EE0011978D /* Database.xcdatamodeld */,
			);
			name = CoreData;
			sourceTree = "<group>";
		};
		A4B5EE871D90033E0011978D /* Entities */ = {
			isa = PBXGroup;
			children = (
				A4B5EE8B1D90063A0011978D /* PersonEntity+CoreDataClass.swift */,
				A4B5EE8C1D90063A0011978D /* PersonEntity+CoreDataProperties.swift */,
				A4B5EE8F1D9010180011978D /* PersonEntity+CoreDataSortDescriptors.swift */,
			);
			name = Entities;
			sourceTree = "<group>";
		};
		A4B5EE881D9005EA0011978D /* Modules internal models */ = {
			isa = PBXGroup;
			children = (
				A4B5EE891D9006000011978D /* PersonInfo.swift */,
			);
			name = "Modules internal models";
			sourceTree = "<group>";
		};
		A4B5EE911D9016FA0011978D /* Extensions */ = {
			isa = PBXGroup;
			children = (
				A4B5EE921D9016FF0011978D /* Foundation */,
			);
			name = Extensions;
			sourceTree = "<group>";
		};
		A4B5EE921D9016FF0011978D /* Foundation */ = {
			isa = PBXGroup;
			children = (
				A4B5EE931D9017080011978D /* Array+Random.swift */,
			);
			name = Foundation;
			sourceTree = "<group>";
		};
		A4DC909D1D916695002DEE6A /* Products */ = {
			isa = PBXGroup;
			children = (
				A4DC90A11D916695002DEE6A /* VIPERModules.framework */,
			);
			name = Products;
			sourceTree = "<group>";
		};
/* End PBXGroup section */

/* Begin PBXNativeTarget section */
		A423CB551D8942280057B748 /* iOS-Example */ = {
			isa = PBXNativeTarget;
			buildConfigurationList = A423CB681D8942280057B748 /* Build configuration list for PBXNativeTarget "iOS-Example" */;
			buildPhases = (
				A423CB521D8942280057B748 /* Sources */,
				A423CB531D8942280057B748 /* Frameworks */,
				A423CB541D8942280057B748 /* Resources */,
			);
			buildRules = (
			);
			dependencies = (
			);
			name = "iOS-Example";
			productName = ViperModuleGenerator;
			productReference = A423CB561D8942280057B748 /* iOS-Example.app */;
			productType = "com.apple.product-type.application";
		};
/* End PBXNativeTarget section */

/* Begin PBXProject section */
		A423CB4E1D8942280057B748 /* Project object */ = {
			isa = PBXProject;
			attributes = {
				LastSwiftUpdateCheck = 0800;
				LastUpgradeCheck = 0800;
				ORGANIZATIONNAME = "Paweł Sporysz";
				TargetAttributes = {
					A423CB551D8942280057B748 = {
						CreatedOnToolsVersion = 8.0;
						ProvisioningStyle = Automatic;
					};
				};
			};
			buildConfigurationList = A423CB511D8942280057B748 /* Build configuration list for PBXProject "iOS-Example" */;
			compatibilityVersion = "Xcode 3.2";
			developmentRegion = English;
			hasScannedForEncodings = 0;
			knownRegions = (
				en,
				Base,
			);
			mainGroup = A423CB4D1D8942280057B748;
			productRefGroup = A423CB571D8942280057B748 /* Products */;
			projectDirPath = "";
			projectReferences = (
				{
					ProductGroup = A4DC909D1D916695002DEE6A /* Products */;
					ProjectRef = A4DC909C1D916695002DEE6A /* VIPERModules.xcodeproj */;
				},
			);
			projectRoot = "";
			targets = (
				A423CB551D8942280057B748 /* iOS-Example */,
			);
		};
/* End PBXProject section */

/* Begin PBXReferenceProxy section */
		A4DC90A11D916695002DEE6A /* VIPERModules.framework */ = {
			isa = PBXReferenceProxy;
			fileType = wrapper.framework;
			path = VIPERModules.framework;
			remoteRef = A4DC90A01D916695002DEE6A /* PBXContainerItemProxy */;
			sourceTree = BUILT_PRODUCTS_DIR;
		};
/* End PBXReferenceProxy section */

/* Begin PBXResourcesBuildPhase section */
		A423CB541D8942280057B748 /* Resources */ = {
			isa = PBXResourcesBuildPhase;
			buildActionMask = 2147483647;
			files = (
				A423CB641D8942280057B748 /* LaunchScreen.storyboard in Resources */,
				A423CB611D8942280057B748 /* Assets.xcassets in Resources */,
				A423CB5F1D8942280057B748 /* Main.storyboard in Resources */,
			);
			runOnlyForDeploymentPostprocessing = 0;
		};
/* End PBXResourcesBuildPhase section */

/* Begin PBXSourcesBuildPhase section */
		A423CB521D8942280057B748 /* Sources */ = {
			isa = PBXSourcesBuildPhase;
			buildActionMask = 2147483647;
			files = (
				A4B5EE771D8FF1950011978D /* CoreDataStack.swift in Sources */,
				A4B5EE901D9010180011978D /* PersonEntity+CoreDataSortDescriptors.swift in Sources */,
				A4B5EE8A1D9006000011978D /* PersonInfo.swift in Sources */,
				A41A80D91D8943C5005364DA /* ExampleViewController.swift in Sources */,
				A41BEEBE1D8FCE72008B429A /* StartTableViewController.swift in Sources */,
				A41A80D31D8943C5005364DA /* ExampleModuleProtocols.swift in Sources */,
				A41BEECF1D8FD12B008B429A /* NSFRCPresenter.swift in Sources */,
				A4B5EE8D1D90063A0011978D /* PersonEntity+CoreDataClass.swift in Sources */,
				A41BEECE1D8FD12B008B429A /* NSFRCModuleSetup.swift in Sources */,
				A41A80D71D8943C5005364DA /* ExampleEventHandler.swift in Sources */,
				A41A80D61D8943C5005364DA /* ExampleInteractor.swift in Sources */,
				A41A80D51D8943C5005364DA /* ExampleDataManager.swift in Sources */,
				A41A80D81D8943C5005364DA /* ExamplePresenter.swift in Sources */,
				A41A80D41D8943C5005364DA /* ExampleModuleSetup.swift in Sources */,
				A423CB5A1D8942280057B748 /* AppDelegate.swift in Sources */,
				A41BEED01D8FD12B008B429A /* NSFRCTableViewController.swift in Sources */,
				A41BEECB1D8FD12B008B429A /* NSFRCEventHandler.swift in Sources */,
				A4B5EE811D9002EE0011978D /* Database.xcdatamodeld in Sources */,
				A41BEECD1D8FD12B008B429A /* NSFRCModuleProtocols.swift in Sources */,
				A41A80DA1D8943C5005364DA /* ExampleWireframe.swift in Sources */,
				A41BEED11D8FD12B008B429A /* NSFRCWireframe.swift in Sources */,
				A41BEECA1D8FD12B008B429A /* NSFRCEventDataManager.swift in Sources */,
				A41BEECC1D8FD12B008B429A /* NSFRCEventInteractor.swift in Sources */,
				A4B5EE8E1D90063A0011978D /* PersonEntity+CoreDataProperties.swift in Sources */,
				A4B5EE941D9017080011978D /* Array+Random.swift in Sources */,
			);
			runOnlyForDeploymentPostprocessing = 0;
		};
/* End PBXSourcesBuildPhase section */

/* Begin PBXVariantGroup section */
		A423CB5D1D8942280057B748 /* Main.storyboard */ = {
			isa = PBXVariantGroup;
			children = (
				A423CB5E1D8942280057B748 /* Base */,
			);
			name = Main.storyboard;
			sourceTree = "<group>";
		};
		A423CB621D8942280057B748 /* LaunchScreen.storyboard */ = {
			isa = PBXVariantGroup;
			children = (
				A423CB631D8942280057B748 /* Base */,
			);
			name = LaunchScreen.storyboard;
			sourceTree = "<group>";
		};
/* End PBXVariantGroup section */

/* Begin XCBuildConfiguration section */
		A423CB661D8942280057B748 /* Debug */ = {
			isa = XCBuildConfiguration;
			buildSettings = {
				ALWAYS_SEARCH_USER_PATHS = NO;
				CLANG_ANALYZER_NONNULL = YES;
				CLANG_CXX_LANGUAGE_STANDARD = "gnu++0x";
				CLANG_CXX_LIBRARY = "libc++";
				CLANG_ENABLE_MODULES = YES;
				CLANG_ENABLE_OBJC_ARC = YES;
				CLANG_WARN_BOOL_CONVERSION = YES;
				CLANG_WARN_CONSTANT_CONVERSION = YES;
				CLANG_WARN_DIRECT_OBJC_ISA_USAGE = YES_ERROR;
				CLANG_WARN_DOCUMENTATION_COMMENTS = YES;
				CLANG_WARN_EMPTY_BODY = YES;
				CLANG_WARN_ENUM_CONVERSION = YES;
				CLANG_WARN_INFINITE_RECURSION = YES;
				CLANG_WARN_INT_CONVERSION = YES;
				CLANG_WARN_OBJC_ROOT_CLASS = YES_ERROR;
				CLANG_WARN_SUSPICIOUS_MOVES = YES;
				CLANG_WARN_UNREACHABLE_CODE = YES;
				CLANG_WARN__DUPLICATE_METHOD_MATCH = YES;
				"CODE_SIGN_IDENTITY[sdk=iphoneos*]" = "iPhone Developer";
				COPY_PHASE_STRIP = NO;
				DEBUG_INFORMATION_FORMAT = dwarf;
				ENABLE_STRICT_OBJC_MSGSEND = YES;
				ENABLE_TESTABILITY = YES;
				GCC_C_LANGUAGE_STANDARD = gnu99;
				GCC_DYNAMIC_NO_PIC = NO;
				GCC_NO_COMMON_BLOCKS = YES;
				GCC_OPTIMIZATION_LEVEL = 0;
				GCC_PREPROCESSOR_DEFINITIONS = (
					"DEBUG=1",
					"$(inherited)",
				);
				GCC_WARN_64_TO_32_BIT_CONVERSION = YES;
				GCC_WARN_ABOUT_RETURN_TYPE = YES_ERROR;
				GCC_WARN_UNDECLARED_SELECTOR = YES;
				GCC_WARN_UNINITIALIZED_AUTOS = YES_AGGRESSIVE;
				GCC_WARN_UNUSED_FUNCTION = YES;
				GCC_WARN_UNUSED_VARIABLE = YES;
				IPHONEOS_DEPLOYMENT_TARGET = 10.0;
				MTL_ENABLE_DEBUG_INFO = YES;
				ONLY_ACTIVE_ARCH = YES;
				SDKROOT = iphoneos;
				SWIFT_ACTIVE_COMPILATION_CONDITIONS = DEBUG;
				SWIFT_OPTIMIZATION_LEVEL = "-Onone";
			};
			name = Debug;
		};
		A423CB671D8942280057B748 /* Release */ = {
			isa = XCBuildConfiguration;
			buildSettings = {
				ALWAYS_SEARCH_USER_PATHS = NO;
				CLANG_ANALYZER_NONNULL = YES;
				CLANG_CXX_LANGUAGE_STANDARD = "gnu++0x";
				CLANG_CXX_LIBRARY = "libc++";
				CLANG_ENABLE_MODULES = YES;
				CLANG_ENABLE_OBJC_ARC = YES;
				CLANG_WARN_BOOL_CONVERSION = YES;
				CLANG_WARN_CONSTANT_CONVERSION = YES;
				CLANG_WARN_DIRECT_OBJC_ISA_USAGE = YES_ERROR;
				CLANG_WARN_DOCUMENTATION_COMMENTS = YES;
				CLANG_WARN_EMPTY_BODY = YES;
				CLANG_WARN_ENUM_CONVERSION = YES;
				CLANG_WARN_INFINITE_RECURSION = YES;
				CLANG_WARN_INT_CONVERSION = YES;
				CLANG_WARN_OBJC_ROOT_CLASS = YES_ERROR;
				CLANG_WARN_SUSPICIOUS_MOVES = YES;
				CLANG_WARN_UNREACHABLE_CODE = YES;
				CLANG_WARN__DUPLICATE_METHOD_MATCH = YES;
				"CODE_SIGN_IDENTITY[sdk=iphoneos*]" = "iPhone Developer";
				COPY_PHASE_STRIP = NO;
				DEBUG_INFORMATION_FORMAT = "dwarf-with-dsym";
				ENABLE_NS_ASSERTIONS = NO;
				ENABLE_STRICT_OBJC_MSGSEND = YES;
				GCC_C_LANGUAGE_STANDARD = gnu99;
				GCC_NO_COMMON_BLOCKS = YES;
				GCC_WARN_64_TO_32_BIT_CONVERSION = YES;
				GCC_WARN_ABOUT_RETURN_TYPE = YES_ERROR;
				GCC_WARN_UNDECLARED_SELECTOR = YES;
				GCC_WARN_UNINITIALIZED_AUTOS = YES_AGGRESSIVE;
				GCC_WARN_UNUSED_FUNCTION = YES;
				GCC_WARN_UNUSED_VARIABLE = YES;
				IPHONEOS_DEPLOYMENT_TARGET = 10.0;
				MTL_ENABLE_DEBUG_INFO = NO;
				SDKROOT = iphoneos;
				SWIFT_OPTIMIZATION_LEVEL = "-Owholemodule";
				VALIDATE_PRODUCT = YES;
			};
			name = Release;
		};
		A423CB691D8942280057B748 /* Debug */ = {
			isa = XCBuildConfiguration;
			buildSettings = {
				ASSETCATALOG_COMPILER_APPICON_NAME = AppIcon;
				INFOPLIST_FILE = "$(SRCROOT)/iOS-Example/Info.plist";
				LD_RUNPATH_SEARCH_PATHS = "$(inherited) @executable_path/Frameworks";
				PRODUCT_BUNDLE_IDENTIFIER = co.untitledkingdom.ViperModuleGenerator;
				PRODUCT_NAME = "$(TARGET_NAME)";
				SWIFT_VERSION = 3.0;
			};
			name = Debug;
		};
		A423CB6A1D8942280057B748 /* Release */ = {
			isa = XCBuildConfiguration;
			buildSettings = {
				ASSETCATALOG_COMPILER_APPICON_NAME = AppIcon;
				INFOPLIST_FILE = "$(SRCROOT)/iOS-Example/Info.plist";
				LD_RUNPATH_SEARCH_PATHS = "$(inherited) @executable_path/Frameworks";
				PRODUCT_BUNDLE_IDENTIFIER = co.untitledkingdom.ViperModuleGenerator;
				PRODUCT_NAME = "$(TARGET_NAME)";
				SWIFT_VERSION = 3.0;
			};
			name = Release;
		};
/* End XCBuildConfiguration section */

/* Begin XCConfigurationList section */
		A423CB511D8942280057B748 /* Build configuration list for PBXProject "iOS-Example" */ = {
			isa = XCConfigurationList;
			buildConfigurations = (
				A423CB661D8942280057B748 /* Debug */,
				A423CB671D8942280057B748 /* Release */,
			);
			defaultConfigurationIsVisible = 0;
			defaultConfigurationName = Release;
		};
		A423CB681D8942280057B748 /* Build configuration list for PBXNativeTarget "iOS-Example" */ = {
			isa = XCConfigurationList;
			buildConfigurations = (
				A423CB691D8942280057B748 /* Debug */,
				A423CB6A1D8942280057B748 /* Release */,
			);
			defaultConfigurationIsVisible = 0;
			defaultConfigurationName = Release;
		};
/* End XCConfigurationList section */

/* Begin XCVersionGroup section */
		A4B5EE7F1D9002EE0011978D /* Database.xcdatamodeld */ = {
			isa = XCVersionGroup;
			children = (
				A4B5EE801D9002EE0011978D /* Database.xcdatamodel */,
			);
			currentVersion = A4B5EE801D9002EE0011978D /* Database.xcdatamodel */;
			path = Database.xcdatamodeld;
			sourceTree = "<group>";
			versionGroupType = wrapper.xcdatamodel;
		};
/* End XCVersionGroup section */
	};
	rootObject = A423CB4E1D8942280057B748 /* Project object */;
}
