// !$*UTF8*$!
{
	archiveVersion = 1;
	classes = {
	};
	objectVersion = 46;
	objects = {

/* Begin PBXBuildFile section */
		A41BEEBE1D8FCE72008B429A /* StartTableViewController.swift in Sources */ = {isa = PBXBuildFile; fileRef = A41BEEBD1D8FCE72008B429A /* StartTableViewController.swift */; };
		A423CB5A1D8942280057B748 /* AppDelegate.swift in Sources */ = {isa = PBXBuildFile; fileRef = A423CB591D8942280057B748 /* AppDelegate.swift */; };
		A423CB5F1D8942280057B748 /* Main.storyboard in Resources */ = {isa = PBXBuildFile; fileRef = A423CB5D1D8942280057B748 /* Main.storyboard */; };
		A423CB611D8942280057B748 /* Assets.xcassets in Resources */ = {isa = PBXBuildFile; fileRef = A423CB601D8942280057B748 /* Assets.xcassets */; };
		A423CB641D8942280057B748 /* LaunchScreen.storyboard in Resources */ = {isa = PBXBuildFile; fileRef = A423CB621D8942280057B748 /* LaunchScreen.storyboard */; };
		A4D3D67F1EEFCDD000824E97 /* SimpleModuleProtocols.swift in Sources */ = {isa = PBXBuildFile; fileRef = A4D3D67E1EEFCDD000824E97 /* SimpleModuleProtocols.swift */; };
		A4D3D6811EEFCDDE00824E97 /* SimpleModuleBuilder.swift in Sources */ = {isa = PBXBuildFile; fileRef = A4D3D6801EEFCDDE00824E97 /* SimpleModuleBuilder.swift */; };
		A4D3D6851EEFCDF300824E97 /* SimpleInteractor.swift in Sources */ = {isa = PBXBuildFile; fileRef = A4D3D6841EEFCDF300824E97 /* SimpleInteractor.swift */; };
		A4D3D6871EEFCDFF00824E97 /* SimpleEventHandler.swift in Sources */ = {isa = PBXBuildFile; fileRef = A4D3D6861EEFCDFF00824E97 /* SimpleEventHandler.swift */; };
		A4D3D6891EEFCE0900824E97 /* SimplePresenter.swift in Sources */ = {isa = PBXBuildFile; fileRef = A4D3D6881EEFCE0900824E97 /* SimplePresenter.swift */; };
		A4D3D68B1EEFCE1300824E97 /* SimpleViewController.swift in Sources */ = {isa = PBXBuildFile; fileRef = A4D3D68A1EEFCE1300824E97 /* SimpleViewController.swift */; };
		A4D3D68D1EEFCE1D00824E97 /* SimpleWireframe.swift in Sources */ = {isa = PBXBuildFile; fileRef = A4D3D68C1EEFCE1D00824E97 /* SimpleWireframe.swift */; };
		A4D3D6981EEFECBD00824E97 /* SimpleDataManager.swift in Sources */ = {isa = PBXBuildFile; fileRef = A4D3D6821EEFCDE800824E97 /* SimpleDataManager.swift */; };
		A4D3D6AA1EEFEE8600824E97 /* SimpleInteractorDataSourceTestCase.swift in Sources */ = {isa = PBXBuildFile; fileRef = A4D3D6A91EEFEE8600824E97 /* SimpleInteractorDataSourceTestCase.swift */; };
		A4D3D6AC1EEFEEA100824E97 /* SimpleInteractorEventsTestCase.swift in Sources */ = {isa = PBXBuildFile; fileRef = A4D3D6AB1EEFEEA100824E97 /* SimpleInteractorEventsTestCase.swift */; };
		A4EB68A91DABC0D30036B0A3 /* VIPERModules.framework in Frameworks */ = {isa = PBXBuildFile; fileRef = A4DC90A11D916695002DEE6A /* VIPERModules.framework */; };
/* End PBXBuildFile section */

/* Begin PBXContainerItemProxy section */
		A4D3D6A21EEFED4900824E97 /* PBXContainerItemProxy */ = {
			isa = PBXContainerItemProxy;
			containerPortal = A423CB4E1D8942280057B748 /* Project object */;
			proxyType = 1;
			remoteGlobalIDString = A423CB551D8942280057B748;
			remoteInfo = "iOS-Example";
		};
		A4DC90A01D916695002DEE6A /* PBXContainerItemProxy */ = {
			isa = PBXContainerItemProxy;
			containerPortal = A4DC909C1D916695002DEE6A /* VIPERModules.xcodeproj */;
			proxyType = 2;
			remoteGlobalIDString = A4B5EECA1D9164660011978D;
			remoteInfo = VIPERModules;
		};
/* End PBXContainerItemProxy section */

/* Begin PBXFileReference section */
		A41BEEBD1D8FCE72008B429A /* StartTableViewController.swift */ = {isa = PBXFileReference; fileEncoding = 4; lastKnownFileType = sourcecode.swift; path = StartTableViewController.swift; sourceTree = "<group>"; };
		A423CB561D8942280057B748 /* iOS-Example.app */ = {isa = PBXFileReference; explicitFileType = wrapper.application; includeInIndex = 0; path = "iOS-Example.app"; sourceTree = BUILT_PRODUCTS_DIR; };
		A423CB591D8942280057B748 /* AppDelegate.swift */ = {isa = PBXFileReference; lastKnownFileType = sourcecode.swift; path = AppDelegate.swift; sourceTree = "<group>"; };
		A423CB5E1D8942280057B748 /* Base */ = {isa = PBXFileReference; lastKnownFileType = file.storyboard; name = Base; path = Base.lproj/Main.storyboard; sourceTree = "<group>"; };
		A423CB601D8942280057B748 /* Assets.xcassets */ = {isa = PBXFileReference; lastKnownFileType = folder.assetcatalog; path = Assets.xcassets; sourceTree = "<group>"; };
		A423CB631D8942280057B748 /* Base */ = {isa = PBXFileReference; lastKnownFileType = file.storyboard; name = Base; path = Base.lproj/LaunchScreen.storyboard; sourceTree = "<group>"; };
		A423CB651D8942280057B748 /* Info.plist */ = {isa = PBXFileReference; lastKnownFileType = text.plist.xml; path = Info.plist; sourceTree = "<group>"; };
		A4D3D67E1EEFCDD000824E97 /* SimpleModuleProtocols.swift */ = {isa = PBXFileReference; fileEncoding = 4; lastKnownFileType = sourcecode.swift; path = SimpleModuleProtocols.swift; sourceTree = "<group>"; };
		A4D3D6801EEFCDDE00824E97 /* SimpleModuleBuilder.swift */ = {isa = PBXFileReference; fileEncoding = 4; lastKnownFileType = sourcecode.swift; path = SimpleModuleBuilder.swift; sourceTree = "<group>"; };
		A4D3D6821EEFCDE800824E97 /* SimpleDataManager.swift */ = {isa = PBXFileReference; fileEncoding = 4; lastKnownFileType = sourcecode.swift; path = SimpleDataManager.swift; sourceTree = "<group>"; };
		A4D3D6841EEFCDF300824E97 /* SimpleInteractor.swift */ = {isa = PBXFileReference; fileEncoding = 4; lastKnownFileType = sourcecode.swift; path = SimpleInteractor.swift; sourceTree = "<group>"; };
		A4D3D6861EEFCDFF00824E97 /* SimpleEventHandler.swift */ = {isa = PBXFileReference; fileEncoding = 4; lastKnownFileType = sourcecode.swift; path = SimpleEventHandler.swift; sourceTree = "<group>"; };
		A4D3D6881EEFCE0900824E97 /* SimplePresenter.swift */ = {isa = PBXFileReference; fileEncoding = 4; lastKnownFileType = sourcecode.swift; path = SimplePresenter.swift; sourceTree = "<group>"; };
		A4D3D68A1EEFCE1300824E97 /* SimpleViewController.swift */ = {isa = PBXFileReference; fileEncoding = 4; lastKnownFileType = sourcecode.swift; path = SimpleViewController.swift; sourceTree = "<group>"; };
		A4D3D68C1EEFCE1D00824E97 /* SimpleWireframe.swift */ = {isa = PBXFileReference; fileEncoding = 4; lastKnownFileType = sourcecode.swift; path = SimpleWireframe.swift; sourceTree = "<group>"; };
		A4D3D69D1EEFED4900824E97 /* iOS-ExampleTests.xctest */ = {isa = PBXFileReference; explicitFileType = wrapper.cfbundle; includeInIndex = 0; path = "iOS-ExampleTests.xctest"; sourceTree = BUILT_PRODUCTS_DIR; };
		A4D3D6A11EEFED4900824E97 /* Info.plist */ = {isa = PBXFileReference; lastKnownFileType = text.plist.xml; path = Info.plist; sourceTree = "<group>"; };
		A4D3D6A91EEFEE8600824E97 /* SimpleInteractorDataSourceTestCase.swift */ = {isa = PBXFileReference; fileEncoding = 4; lastKnownFileType = sourcecode.swift; path = SimpleInteractorDataSourceTestCase.swift; sourceTree = "<group>"; };
		A4D3D6AB1EEFEEA100824E97 /* SimpleInteractorEventsTestCase.swift */ = {isa = PBXFileReference; fileEncoding = 4; lastKnownFileType = sourcecode.swift; path = SimpleInteractorEventsTestCase.swift; sourceTree = "<group>"; };
		A4DC909C1D916695002DEE6A /* VIPERModules.xcodeproj */ = {isa = PBXFileReference; lastKnownFileType = "wrapper.pb-project"; path = VIPERModules.xcodeproj; sourceTree = SOURCE_ROOT; };
/* End PBXFileReference section */

/* Begin PBXFrameworksBuildPhase section */
		A423CB531D8942280057B748 /* Frameworks */ = {
			isa = PBXFrameworksBuildPhase;
			buildActionMask = 2147483647;
			files = (
				A4EB68A91DABC0D30036B0A3 /* VIPERModules.framework in Frameworks */,
			);
			runOnlyForDeploymentPostprocessing = 0;
		};
		A4D3D69A1EEFED4900824E97 /* Frameworks */ = {
			isa = PBXFrameworksBuildPhase;
			buildActionMask = 2147483647;
			files = (
			);
			runOnlyForDeploymentPostprocessing = 0;
		};
/* End PBXFrameworksBuildPhase section */

/* Begin PBXGroup section */
		A423CB4D1D8942280057B748 = {
			isa = PBXGroup;
			children = (
				A423CB581D8942280057B748 /* iOS-Example */,
				A4D3D69E1EEFED4900824E97 /* iOS-ExampleTests */,
				A423CB571D8942280057B748 /* Products */,
			);
			sourceTree = "<group>";
		};
		A423CB571D8942280057B748 /* Products */ = {
			isa = PBXGroup;
			children = (
				A423CB561D8942280057B748 /* iOS-Example.app */,
				A4D3D69D1EEFED4900824E97 /* iOS-ExampleTests.xctest */,
			);
			name = Products;
			sourceTree = "<group>";
		};
		A423CB581D8942280057B748 /* iOS-Example */ = {
			isa = PBXGroup;
			children = (
				A4DC909C1D916695002DEE6A /* VIPERModules.xcodeproj */,
				A423CB651D8942280057B748 /* Info.plist */,
				A423CB591D8942280057B748 /* AppDelegate.swift */,
				A41BEEBD1D8FCE72008B429A /* StartTableViewController.swift */,
				A423CB601D8942280057B748 /* Assets.xcassets */,
				A423CB5D1D8942280057B748 /* Main.storyboard */,
				A423CB621D8942280057B748 /* LaunchScreen.storyboard */,
				A423CB6B1D8942AC0057B748 /* Modules */,
			);
			path = "iOS-Example";
			sourceTree = "<group>";
		};
		A423CB6B1D8942AC0057B748 /* Modules */ = {
			isa = PBXGroup;
			children = (
				A4D3D67D1EEFCD9200824E97 /* Simple */,
			);
			name = Modules;
			sourceTree = "<group>";
		};
		A4D3D67D1EEFCD9200824E97 /* Simple */ = {
			isa = PBXGroup;
			children = (
				A4D3D67E1EEFCDD000824E97 /* SimpleModuleProtocols.swift */,
				A4D3D6801EEFCDDE00824E97 /* SimpleModuleBuilder.swift */,
				A4D3D6821EEFCDE800824E97 /* SimpleDataManager.swift */,
				A4D3D6841EEFCDF300824E97 /* SimpleInteractor.swift */,
				A4D3D6861EEFCDFF00824E97 /* SimpleEventHandler.swift */,
				A4D3D6881EEFCE0900824E97 /* SimplePresenter.swift */,
				A4D3D68A1EEFCE1300824E97 /* SimpleViewController.swift */,
				A4D3D68C1EEFCE1D00824E97 /* SimpleWireframe.swift */,
			);
			name = Simple;
			sourceTree = "<group>";
		};
		A4D3D69E1EEFED4900824E97 /* iOS-ExampleTests */ = {
			isa = PBXGroup;
			children = (
				A4D3D6A91EEFEE8600824E97 /* SimpleInteractorDataSourceTestCase.swift */,
				A4D3D6AB1EEFEEA100824E97 /* SimpleInteractorEventsTestCase.swift */,
				A4D3D6A11EEFED4900824E97 /* Info.plist */,
			);
			path = "iOS-ExampleTests";
			sourceTree = "<group>";
		};
		A4DC909D1D916695002DEE6A /* Products */ = {
			isa = PBXGroup;
			children = (
				A4DC90A11D916695002DEE6A /* VIPERModules.framework */,
			);
			name = Products;
			sourceTree = "<group>";
		};
/* End PBXGroup section */

/* Begin PBXNativeTarget section */
		A423CB551D8942280057B748 /* iOS-Example */ = {
			isa = PBXNativeTarget;
			buildConfigurationList = A423CB681D8942280057B748 /* Build configuration list for PBXNativeTarget "iOS-Example" */;
			buildPhases = (
				A423CB521D8942280057B748 /* Sources */,
				A423CB531D8942280057B748 /* Frameworks */,
				A423CB541D8942280057B748 /* Resources */,
			);
			buildRules = (
			);
			dependencies = (
			);
			name = "iOS-Example";
			productName = ViperModuleGenerator;
			productReference = A423CB561D8942280057B748 /* iOS-Example.app */;
			productType = "com.apple.product-type.application";
		};
		A4D3D69C1EEFED4900824E97 /* iOS-ExampleTests */ = {
			isa = PBXNativeTarget;
			buildConfigurationList = A4D3D6A41EEFED4900824E97 /* Build configuration list for PBXNativeTarget "iOS-ExampleTests" */;
			buildPhases = (
				A4D3D6991EEFED4900824E97 /* Sources */,
				A4D3D69A1EEFED4900824E97 /* Frameworks */,
				A4D3D69B1EEFED4900824E97 /* Resources */,
			);
			buildRules = (
			);
			dependencies = (
				A4D3D6A31EEFED4900824E97 /* PBXTargetDependency */,
			);
			name = "iOS-ExampleTests";
			productName = "iOS-ExampleTests";
			productReference = A4D3D69D1EEFED4900824E97 /* iOS-ExampleTests.xctest */;
			productType = "com.apple.product-type.bundle.unit-test";
		};
/* End PBXNativeTarget section */

/* Begin PBXProject section */
		A423CB4E1D8942280057B748 /* Project object */ = {
			isa = PBXProject;
			attributes = {
				LastSwiftUpdateCheck = 0830;
				LastUpgradeCheck = 1010;
				ORGANIZATIONNAME = "Paweł Sporysz";
				TargetAttributes = {
					A423CB551D8942280057B748 = {
						CreatedOnToolsVersion = 8.0;
						LastSwiftMigration = 0900;
						ProvisioningStyle = Automatic;
					};
					A4D3D69C1EEFED4900824E97 = {
						CreatedOnToolsVersion = 8.3.2;
						LastSwiftMigration = 0900;
						ProvisioningStyle = Automatic;
						TestTargetID = A423CB551D8942280057B748;
					};
				};
			};
			buildConfigurationList = A423CB511D8942280057B748 /* Build configuration list for PBXProject "iOS-Example" */;
			compatibilityVersion = "Xcode 3.2";
			developmentRegion = English;
			hasScannedForEncodings = 0;
			knownRegions = (
				en,
				Base,
			);
			mainGroup = A423CB4D1D8942280057B748;
			productRefGroup = A423CB571D8942280057B748 /* Products */;
			projectDirPath = "";
			projectReferences = (
				{
					ProductGroup = A4DC909D1D916695002DEE6A /* Products */;
					ProjectRef = A4DC909C1D916695002DEE6A /* VIPERModules.xcodeproj */;
				},
			);
			projectRoot = "";
			targets = (
				A423CB551D8942280057B748 /* iOS-Example */,
				A4D3D69C1EEFED4900824E97 /* iOS-ExampleTests */,
			);
		};
/* End PBXProject section */

/* Begin PBXReferenceProxy section */
		A4DC90A11D916695002DEE6A /* VIPERModules.framework */ = {
			isa = PBXReferenceProxy;
			fileType = wrapper.framework;
			path = VIPERModules.framework;
			remoteRef = A4DC90A01D916695002DEE6A /* PBXContainerItemProxy */;
			sourceTree = BUILT_PRODUCTS_DIR;
		};
/* End PBXReferenceProxy section */

/* Begin PBXResourcesBuildPhase section */
		A423CB541D8942280057B748 /* Resources */ = {
			isa = PBXResourcesBuildPhase;
			buildActionMask = 2147483647;
			files = (
				A423CB641D8942280057B748 /* LaunchScreen.storyboard in Resources */,
				A423CB611D8942280057B748 /* Assets.xcassets in Resources */,
				A423CB5F1D8942280057B748 /* Main.storyboard in Resources */,
			);
			runOnlyForDeploymentPostprocessing = 0;
		};
		A4D3D69B1EEFED4900824E97 /* Resources */ = {
			isa = PBXResourcesBuildPhase;
			buildActionMask = 2147483647;
			files = (
			);
			runOnlyForDeploymentPostprocessing = 0;
		};
/* End PBXResourcesBuildPhase section */

/* Begin PBXSourcesBuildPhase section */
		A423CB521D8942280057B748 /* Sources */ = {
			isa = PBXSourcesBuildPhase;
			buildActionMask = 2147483647;
			files = (
				A41BEEBE1D8FCE72008B429A /* StartTableViewController.swift in Sources */,
				A4D3D67F1EEFCDD000824E97 /* SimpleModuleProtocols.swift in Sources */,
				A4D3D68D1EEFCE1D00824E97 /* SimpleWireframe.swift in Sources */,
				A4D3D6981EEFECBD00824E97 /* SimpleDataManager.swift in Sources */,
				A4D3D6871EEFCDFF00824E97 /* SimpleEventHandler.swift in Sources */,
				A4D3D6851EEFCDF300824E97 /* SimpleInteractor.swift in Sources */,
				A423CB5A1D8942280057B748 /* AppDelegate.swift in Sources */,
				A4D3D68B1EEFCE1300824E97 /* SimpleViewController.swift in Sources */,
				A4D3D6891EEFCE0900824E97 /* SimplePresenter.swift in Sources */,
				A4D3D6811EEFCDDE00824E97 /* SimpleModuleBuilder.swift in Sources */,
			);
			runOnlyForDeploymentPostprocessing = 0;
		};
		A4D3D6991EEFED4900824E97 /* Sources */ = {
			isa = PBXSourcesBuildPhase;
			buildActionMask = 2147483647;
			files = (
				A4D3D6AA1EEFEE8600824E97 /* SimpleInteractorDataSourceTestCase.swift in Sources */,
				A4D3D6AC1EEFEEA100824E97 /* SimpleInteractorEventsTestCase.swift in Sources */,
			);
			runOnlyForDeploymentPostprocessing = 0;
		};
/* End PBXSourcesBuildPhase section */

/* Begin PBXTargetDependency section */
		A4D3D6A31EEFED4900824E97 /* PBXTargetDependency */ = {
			isa = PBXTargetDependency;
			target = A423CB551D8942280057B748 /* iOS-Example */;
			targetProxy = A4D3D6A21EEFED4900824E97 /* PBXContainerItemProxy */;
		};
/* End PBXTargetDependency section */

/* Begin PBXVariantGroup section */
		A423CB5D1D8942280057B748 /* Main.storyboard */ = {
			isa = PBXVariantGroup;
			children = (
				A423CB5E1D8942280057B748 /* Base */,
			);
			name = Main.storyboard;
			sourceTree = "<group>";
		};
		A423CB621D8942280057B748 /* LaunchScreen.storyboard */ = {
			isa = PBXVariantGroup;
			children = (
				A423CB631D8942280057B748 /* Base */,
			);
			name = LaunchScreen.storyboard;
			sourceTree = "<group>";
		};
/* End PBXVariantGroup section */

/* Begin XCBuildConfiguration section */
		A423CB661D8942280057B748 /* Debug */ = {
			isa = XCBuildConfiguration;
			buildSettings = {
				ALWAYS_SEARCH_USER_PATHS = NO;
				CLANG_ANALYZER_NONNULL = YES;
				CLANG_CXX_LANGUAGE_STANDARD = "gnu++0x";
				CLANG_CXX_LIBRARY = "libc++";
				CLANG_ENABLE_MODULES = YES;
				CLANG_ENABLE_OBJC_ARC = YES;
				CLANG_WARN_BLOCK_CAPTURE_AUTORELEASING = YES;
				CLANG_WARN_BOOL_CONVERSION = YES;
				CLANG_WARN_COMMA = YES;
				CLANG_WARN_CONSTANT_CONVERSION = YES;
				CLANG_WARN_DEPRECATED_OBJC_IMPLEMENTATIONS = YES;
				CLANG_WARN_DIRECT_OBJC_ISA_USAGE = YES_ERROR;
				CLANG_WARN_DOCUMENTATION_COMMENTS = YES;
				CLANG_WARN_EMPTY_BODY = YES;
				CLANG_WARN_ENUM_CONVERSION = YES;
				CLANG_WARN_INFINITE_RECURSION = YES;
				CLANG_WARN_INT_CONVERSION = YES;
				CLANG_WARN_NON_LITERAL_NULL_CONVERSION = YES;
				CLANG_WARN_OBJC_IMPLICIT_RETAIN_SELF = YES;
				CLANG_WARN_OBJC_LITERAL_CONVERSION = YES;
				CLANG_WARN_OBJC_ROOT_CLASS = YES_ERROR;
				CLANG_WARN_RANGE_LOOP_ANALYSIS = YES;
				CLANG_WARN_STRICT_PROTOTYPES = YES;
				CLANG_WARN_SUSPICIOUS_MOVE = YES;
				CLANG_WARN_SUSPICIOUS_MOVES = YES;
				CLANG_WARN_UNREACHABLE_CODE = YES;
				CLANG_WARN__DUPLICATE_METHOD_MATCH = YES;
				"CODE_SIGN_IDENTITY[sdk=iphoneos*]" = "iPhone Developer";
				COPY_PHASE_STRIP = NO;
				DEBUG_INFORMATION_FORMAT = dwarf;
				ENABLE_STRICT_OBJC_MSGSEND = YES;
				ENABLE_TESTABILITY = YES;
				GCC_C_LANGUAGE_STANDARD = gnu99;
				GCC_DYNAMIC_NO_PIC = NO;
				GCC_NO_COMMON_BLOCKS = YES;
				GCC_OPTIMIZATION_LEVEL = 0;
				GCC_PREPROCESSOR_DEFINITIONS = (
					"DEBUG=1",
					"$(inherited)",
				);
				GCC_WARN_64_TO_32_BIT_CONVERSION = YES;
				GCC_WARN_ABOUT_RETURN_TYPE = YES_ERROR;
				GCC_WARN_UNDECLARED_SELECTOR = YES;
				GCC_WARN_UNINITIALIZED_AUTOS = YES_AGGRESSIVE;
				GCC_WARN_UNUSED_FUNCTION = YES;
				GCC_WARN_UNUSED_VARIABLE = YES;
				IPHONEOS_DEPLOYMENT_TARGET = 10.0;
				MTL_ENABLE_DEBUG_INFO = YES;
				ONLY_ACTIVE_ARCH = YES;
				SDKROOT = iphoneos;
				SWIFT_ACTIVE_COMPILATION_CONDITIONS = DEBUG;
				SWIFT_OPTIMIZATION_LEVEL = "-Onone";
			};
			name = Debug;
		};
		A423CB671D8942280057B748 /* Release */ = {
			isa = XCBuildConfiguration;
			buildSettings = {
				ALWAYS_SEARCH_USER_PATHS = NO;
				CLANG_ANALYZER_NONNULL = YES;
				CLANG_CXX_LANGUAGE_STANDARD = "gnu++0x";
				CLANG_CXX_LIBRARY = "libc++";
				CLANG_ENABLE_MODULES = YES;
				CLANG_ENABLE_OBJC_ARC = YES;
				CLANG_WARN_BLOCK_CAPTURE_AUTORELEASING = YES;
				CLANG_WARN_BOOL_CONVERSION = YES;
				CLANG_WARN_COMMA = YES;
				CLANG_WARN_CONSTANT_CONVERSION = YES;
				CLANG_WARN_DEPRECATED_OBJC_IMPLEMENTATIONS = YES;
				CLANG_WARN_DIRECT_OBJC_ISA_USAGE = YES_ERROR;
				CLANG_WARN_DOCUMENTATION_COMMENTS = YES;
				CLANG_WARN_EMPTY_BODY = YES;
				CLANG_WARN_ENUM_CONVERSION = YES;
				CLANG_WARN_INFINITE_RECURSION = YES;
				CLANG_WARN_INT_CONVERSION = YES;
				CLANG_WARN_NON_LITERAL_NULL_CONVERSION = YES;
				CLANG_WARN_OBJC_IMPLICIT_RETAIN_SELF = YES;
				CLANG_WARN_OBJC_LITERAL_CONVERSION = YES;
				CLANG_WARN_OBJC_ROOT_CLASS = YES_ERROR;
				CLANG_WARN_RANGE_LOOP_ANALYSIS = YES;
				CLANG_WARN_STRICT_PROTOTYPES = YES;
				CLANG_WARN_SUSPICIOUS_MOVE = YES;
				CLANG_WARN_SUSPICIOUS_MOVES = YES;
				CLANG_WARN_UNREACHABLE_CODE = YES;
				CLANG_WARN__DUPLICATE_METHOD_MATCH = YES;
				"CODE_SIGN_IDENTITY[sdk=iphoneos*]" = "iPhone Developer";
				COPY_PHASE_STRIP = NO;
				DEBUG_INFORMATION_FORMAT = "dwarf-with-dsym";
				ENABLE_NS_ASSERTIONS = NO;
				ENABLE_STRICT_OBJC_MSGSEND = YES;
				GCC_C_LANGUAGE_STANDARD = gnu99;
				GCC_NO_COMMON_BLOCKS = YES;
				GCC_WARN_64_TO_32_BIT_CONVERSION = YES;
				GCC_WARN_ABOUT_RETURN_TYPE = YES_ERROR;
				GCC_WARN_UNDECLARED_SELECTOR = YES;
				GCC_WARN_UNINITIALIZED_AUTOS = YES_AGGRESSIVE;
				GCC_WARN_UNUSED_FUNCTION = YES;
				GCC_WARN_UNUSED_VARIABLE = YES;
				IPHONEOS_DEPLOYMENT_TARGET = 10.0;
				MTL_ENABLE_DEBUG_INFO = NO;
				SDKROOT = iphoneos;
				SWIFT_OPTIMIZATION_LEVEL = "-Owholemodule";
				VALIDATE_PRODUCT = YES;
			};
			name = Release;
		};
		A423CB691D8942280057B748 /* Debug */ = {
			isa = XCBuildConfiguration;
			buildSettings = {
				ASSETCATALOG_COMPILER_APPICON_NAME = AppIcon;
				INFOPLIST_FILE = "$(SRCROOT)/iOS-Example/Info.plist";
				LD_RUNPATH_SEARCH_PATHS = "$(inherited) @executable_path/Frameworks";
				PRODUCT_BUNDLE_IDENTIFIER = com.pawelsporysz.ViperModules;
				PRODUCT_NAME = "$(TARGET_NAME)";
				SWIFT_SWIFT3_OBJC_INFERENCE = Off;
				SWIFT_VERSION = 4.0;
			};
			name = Debug;
		};
		A423CB6A1D8942280057B748 /* Release */ = {
			isa = XCBuildConfiguration;
			buildSettings = {
				ASSETCATALOG_COMPILER_APPICON_NAME = AppIcon;
				INFOPLIST_FILE = "$(SRCROOT)/iOS-Example/Info.plist";
				LD_RUNPATH_SEARCH_PATHS = "$(inherited) @executable_path/Frameworks";
				PRODUCT_BUNDLE_IDENTIFIER = com.pawelsporysz.ViperModules;
				PRODUCT_NAME = "$(TARGET_NAME)";
				SWIFT_SWIFT3_OBJC_INFERENCE = Off;
				SWIFT_VERSION = 4.0;
			};
			name = Release;
		};
		A4D3D6A51EEFED4900824E97 /* Debug */ = {
			isa = XCBuildConfiguration;
			buildSettings = {
				BUNDLE_LOADER = "$(TEST_HOST)";
				CLANG_ANALYZER_NUMBER_OBJECT_CONVERSION = YES_AGGRESSIVE;
				CLANG_ENABLE_MODULES = YES;
				INFOPLIST_FILE = "iOS-ExampleTests/Info.plist";
				IPHONEOS_DEPLOYMENT_TARGET = 10.3;
				LD_RUNPATH_SEARCH_PATHS = "$(inherited) @executable_path/Frameworks @loader_path/Frameworks";
				PRODUCT_BUNDLE_IDENTIFIER = "com.pawelsporysz.iOS-ExampleTests";
				PRODUCT_NAME = "$(TARGET_NAME)";
				SWIFT_OPTIMIZATION_LEVEL = "-Onone";
				SWIFT_SWIFT3_OBJC_INFERENCE = On;
				SWIFT_VERSION = 4.0;
				TEST_HOST = "$(BUILT_PRODUCTS_DIR)/iOS-Example.app/iOS-Example";
			};
			name = Debug;
		};
		A4D3D6A61EEFED4900824E97 /* Release */ = {
			isa = XCBuildConfiguration;
			buildSettings = {
				BUNDLE_LOADER = "$(TEST_HOST)";
				CLANG_ANALYZER_NUMBER_OBJECT_CONVERSION = YES_AGGRESSIVE;
				CLANG_ENABLE_MODULES = YES;
				INFOPLIST_FILE = "iOS-ExampleTests/Info.plist";
				IPHONEOS_DEPLOYMENT_TARGET = 10.3;
				LD_RUNPATH_SEARCH_PATHS = "$(inherited) @executable_path/Frameworks @loader_path/Frameworks";
				PRODUCT_BUNDLE_IDENTIFIER = "com.pawelsporysz.iOS-ExampleTests";
				PRODUCT_NAME = "$(TARGET_NAME)";
				SWIFT_SWIFT3_OBJC_INFERENCE = On;
				SWIFT_VERSION = 4.0;
				TEST_HOST = "$(BUILT_PRODUCTS_DIR)/iOS-Example.app/iOS-Example";
			};
			name = Release;
		};
/* End XCBuildConfiguration section */

/* Begin XCConfigurationList section */
		A423CB511D8942280057B748 /* Build configuration list for PBXProject "iOS-Example" */ = {
			isa = XCConfigurationList;
			buildConfigurations = (
				A423CB661D8942280057B748 /* Debug */,
				A423CB671D8942280057B748 /* Release */,
			);
			defaultConfigurationIsVisible = 0;
			defaultConfigurationName = Release;
		};
		A423CB681D8942280057B748 /* Build configuration list for PBXNativeTarget "iOS-Example" */ = {
			isa = XCConfigurationList;
			buildConfigurations = (
				A423CB691D8942280057B748 /* Debug */,
				A423CB6A1D8942280057B748 /* Release */,
			);
			defaultConfigurationIsVisible = 0;
			defaultConfigurationName = Release;
		};
		A4D3D6A41EEFED4900824E97 /* Build configuration list for PBXNativeTarget "iOS-ExampleTests" */ = {
			isa = XCConfigurationList;
			buildConfigurations = (
				A4D3D6A51EEFED4900824E97 /* Debug */,
				A4D3D6A61EEFED4900824E97 /* Release */,
			);
			defaultConfigurationIsVisible = 0;
			defaultConfigurationName = Release;
		};
/* End XCConfigurationList section */
	};
	rootObject = A423CB4E1D8942280057B748 /* Project object */;
}
